{
  "name": "ssb-tangle",
  "version": "1.0.1",
  "lockfileVersion": 1,
  "requires": true,
  "dependencies": {
    "commander": {
      "version": "2.20.0",
      "resolved": "https://registry.npmjs.org/commander/-/commander-2.20.0.tgz",
      "integrity": "sha512-7j2y+40w61zy6YC2iRNpUe/NwhNyoXrYpHMrSunaMG64nRnaf96zO/KMQR4OyN/UnE5KLyEBnKHd4aG3rskjpQ=="
    },
    "discontinuous-range": {
      "version": "1.0.0",
      "resolved": "https://registry.npmjs.org/discontinuous-range/-/discontinuous-range-1.0.0.tgz",
      "integrity": "sha1-44Mx8IRLukm5qctxx3FYWqsbxlo="
    },
    "generate-function": {
      "version": "2.3.1",
      "resolved": "https://registry.npmjs.org/generate-function/-/generate-function-2.3.1.tgz",
      "integrity": "sha512-eeB5GfMNeevm/GRYq20ShmsaGcmI81kIX2K9XQx5miC8KdHaC6Jm0qQ8ZNeGOi7wYB8OsdxKs+Y2oVuTFuVwKQ==",
      "requires": {
        "is-property": "^1.0.2"
      }
    },
    "generate-object-property": {
      "version": "1.2.0",
      "resolved": "https://registry.npmjs.org/generate-object-property/-/generate-object-property-1.2.0.tgz",
      "integrity": "sha1-nA4cQDCM6AT0eDYYuTf6iPmdUNA=",
      "requires": {
        "is-property": "^1.0.0"
      }
    },
    "ip": {
      "version": "1.1.5",
      "resolved": "https://registry.npmjs.org/ip/-/ip-1.1.5.tgz",
      "integrity": "sha1-vd7XARQpCCjAoDnnLvJfWq7ENUo="
    },
    "is-canonical-base64": {
      "version": "1.1.1",
      "resolved": "https://registry.npmjs.org/is-canonical-base64/-/is-canonical-base64-1.1.1.tgz",
      "integrity": "sha512-o6t/DwgEapC0bsloqtegAQyZzQXaQ5+8fzsyf2KmLqupC2ifLFq/lMQiFCJeGpdSrK1o6GL+WW2lRU050lLlFg=="
    },
    "is-my-ip-valid": {
      "version": "1.0.0",
      "resolved": "https://registry.npmjs.org/is-my-ip-valid/-/is-my-ip-valid-1.0.0.tgz",
      "integrity": "sha512-gmh/eWXROncUzRnIa1Ubrt5b8ep/MGSnfAUI3aRp+sqTCs1tv1Isl8d8F6JmkN3dXKc3ehZMrtiPN9eL03NuaQ=="
    },
    "is-my-json-valid": {
      "version": "2.20.0",
      "resolved": "https://registry.npmjs.org/is-my-json-valid/-/is-my-json-valid-2.20.0.tgz",
      "integrity": "sha512-XTHBZSIIxNsIsZXg7XB5l8z/OBFosl1Wao4tXLpeC7eKU4Vm/kdop2azkPqULwnfGQjmeDIyey9g7afMMtdWAA==",
      "requires": {
        "generate-function": "^2.0.0",
        "generate-object-property": "^1.1.0",
        "is-my-ip-valid": "^1.0.0",
        "jsonpointer": "^4.0.0",
        "xtend": "^4.0.0"
      }
    },
    "is-property": {
      "version": "1.0.2",
      "resolved": "https://registry.npmjs.org/is-property/-/is-property-1.0.2.tgz",
      "integrity": "sha1-V/4cTkhHTt1lsJkR8msc1Ald2oQ="
    },
    "is-valid-domain": {
      "version": "0.0.9",
      "resolved": "https://registry.npmjs.org/is-valid-domain/-/is-valid-domain-0.0.9.tgz",
      "integrity": "sha512-IeK/VigfxtjHCrNTY2/Lwed7Gp1VWPRSqtJ4GcaDUJ20AxmsL9Saoz96Q/yvf+y5N8zCjJb9HrA3vUlL8tk5Zg=="
    },
    "jsonpointer": {
      "version": "4.0.1",
      "resolved": "https://registry.npmjs.org/jsonpointer/-/jsonpointer-4.0.1.tgz",
      "integrity": "sha1-T9kss04OnbPInIYi7PUfm5eMbLk="
    },
    "moo": {
      "version": "0.4.3",
      "resolved": "https://registry.npmjs.org/moo/-/moo-0.4.3.tgz",
      "integrity": "sha512-gFD2xGCl8YFgGHsqJ9NKRVdwlioeW3mI1iqfLNYQOv0+6JRwG58Zk9DIGQgyIaffSYaO1xsKnMaYzzNr1KyIAw=="
    },
    "multiserver-address": {
      "version": "1.0.1",
      "resolved": "https://registry.npmjs.org/multiserver-address/-/multiserver-address-1.0.1.tgz",
      "integrity": "sha512-IfZMAGs9onCLkYNSnNBri3JxuvhQYllMyh3W9ry86iEDcfW9uPVsHTHDsjDxQtL+dPq3byshmA+Y4LN2wLHwNw==",
      "requires": {
        "nearley": "^2.15.1"
      }
    },
    "nearley": {
      "version": "2.16.0",
      "resolved": "https://registry.npmjs.org/nearley/-/nearley-2.16.0.tgz",
      "integrity": "sha512-Tr9XD3Vt/EujXbZBv6UAHYoLUSMQAxSsTnm9K3koXzjzNWY195NqALeyrzLZBKzAkL3gl92BcSogqrHjD8QuUg==",
      "requires": {
        "commander": "^2.19.0",
        "moo": "^0.4.3",
        "railroad-diagrams": "^1.0.0",
        "randexp": "0.4.6",
        "semver": "^5.4.1"
      }
    },
    "pull-stream": {
      "version": "3.6.11",
      "resolved": "https://registry.npmjs.org/pull-stream/-/pull-stream-3.6.11.tgz",
      "integrity": "sha512-43brwtqO0OSltctKbW1mgzzKH4TNE8egkW+Y4BFzlDWiG2Ayl7VKr4SeuoKacfgPfUWcSwcPlHsf40BEqNR32A=="
    },
    "railroad-diagrams": {
      "version": "1.0.0",
      "resolved": "https://registry.npmjs.org/railroad-diagrams/-/railroad-diagrams-1.0.0.tgz",
      "integrity": "sha1-635iZ1SN3t+4mcG5Dlc3RVnN234="
    },
    "randexp": {
      "version": "0.4.6",
      "resolved": "https://registry.npmjs.org/randexp/-/randexp-0.4.6.tgz",
      "integrity": "sha512-80WNmd9DA0tmZrw9qQa62GPPWfuXJknrmVmLcxvq4uZBdYqb1wYoKTmnlGUchvVWe0XiLupYkBoXVOxz3C8DYQ==",
      "requires": {
        "discontinuous-range": "1.0.0",
        "ret": "~0.1.10"
      }
    },
    "ret": {
      "version": "0.1.15",
      "resolved": "https://registry.npmjs.org/ret/-/ret-0.1.15.tgz",
      "integrity": "sha512-TTlYpa+OL+vMMNG24xSlQGEJ3B/RzEfUlLct7b5G/ytav+wPrplCpVMFuwzXbkecJrb6IYo1iFb0S9v37754mg=="
    },
    "semver": {
      "version": "5.7.0",
      "resolved": "https://registry.npmjs.org/semver/-/semver-5.7.0.tgz",
      "integrity": "sha512-Ya52jSX2u7QKghxeoFGpLwCtGlt7j0oY9DYb5apt9nPlJ42ID+ulTXESnt/qAQcoSERyZ5sl3LDIOw0nAn/5DA=="
    },
    "ssb-ref": {
      "version": "2.13.9",
      "resolved": "https://registry.npmjs.org/ssb-ref/-/ssb-ref-2.13.9.tgz",
      "integrity": "sha512-TfatNqLvoP+eW/pMIbCmNcaoDq4R2k8jCtWkwDKx4AtluN/LwtyP931d5Mh+2gmzA04W7kxkr6f5ENGgdadMYg==",
      "requires": {
        "ip": "^1.1.3",
        "is-canonical-base64": "^1.1.1",
        "is-valid-domain": "~0.0.1",
        "multiserver-address": "^1.0.1"
      }
    },
    "ssb-sort": {
      "version": "1.1.3",
      "resolved": "https://registry.npmjs.org/ssb-sort/-/ssb-sort-1.1.3.tgz",
      "integrity": "sha512-oPsF8lGgcHcIb4F1GddV3CbZTJZ0OzxI9fHXH0Zc7ZjqjFlYdqMDxFSuvqJnmtDydJcswyGANiziP1ghd69jOw==",
      "requires": {
        "ssb-ref": "^2.3.0"
      }
    },
    "xtend": {
      "version": "4.0.1",
      "resolved": "https://registry.npmjs.org/xtend/-/xtend-4.0.1.tgz",
      "integrity": "sha1-pcbVMr5lbiPbgg77lDofBJmNY68="
    }
  }
}
